
Microsoft Visual Studio Solution File, Format Version 12.00
# Visual Studio 2012
Project("{8BC9CEB8-8B4A-11D0-8D11-00A0C91BC942}") = "条款9", "条款9\条款9.vcxproj", "{80373A62-8619-4805-AF73-BA1F7B2D0425}"
EndProject
Global
	GlobalSection(SolutionConfigurationPlatforms) = preSolution
		Debug|Win32 = Debug|Win32
		Release|Win32 = Release|Win32
	EndGlobalSection
	GlobalSection(ProjectConfigurationPlatforms) = postSolution
		{80373A62-8619-4805-AF73-BA1F7B2D0425}.Debug|Win32.ActiveCfg = Debug|Win32
		{80373A62-8619-4805-AF73-BA1F7B2D0425}.Debug|Win32.Build.0 = Debug|Win32
		{80373A62-8619-4805-AF73-BA1F7B2D0425}.Release|Win32.ActiveCfg = Release|Win32
		{80373A62-8619-4805-AF73-BA1F7B2D0425}.Release|Win32.Build.0 = Release|Win32
	EndGlobalSection
	GlobalSection(SolutionProperties) = preSolution
		HideSolutionNode = FALSE
	EndGlobalSection
EndGlobal
